
Microsoft Visual Studio Solution File, Format Version 12.00
# Visual Studio Version 17
VisualStudioVersion = 17.0.31903.59
MinimumVisualStudioVersion = 10.0.40219.1
Project("{FAE04EC0-301F-11D3-BF4B-00C04F79EFBC}") = "ExperiencePlugin", "ExperiencePlugin\ExperiencePlugin.csproj", "{4330D270-2AF8-472F-99D3-F2AAACC7B5C0}"
EndProject
Project("{FAE04EC0-301F-11D3-BF4B-00C04F79EFBC}") = "CleanupPlugin", "CleanupPlugin\CleanupPlugin.csproj", "{6C18C7E3-6BB2-4EA2-A94D-E1FE2069C87B}"
EndProject
Project("{FAE04EC0-301F-11D3-BF4B-00C04F79EFBC}") = "ChatPlugin", "ChatPlugin\ChatPlugin.csproj", "{07162E2C-C204-4DAA-A380-7D308426D61C}"
EndProject
Project("{FAE04EC0-301F-11D3-BF4B-00C04F79EFBC}") = "AntiTeamKillPlugin", "AntiTeamKillPlugin\AntiTeamKillPlugin.csproj", "{8F9A3403-A629-4D4A-A4A8-D6A992B544E0}"
EndProject
Project("{FAE04EC0-301F-11D3-BF4B-00C04F79EFBC}") = "MyFirstPlugin", "MyFirstPlugin\MyFirstPlugin.csproj", "{3691B31D-8EB1-45AA-8392-6EEC35F08BF0}"
EndProject
Project("{FAE04EC0-301F-11D3-BF4B-00C04F79EFBC}") = "FactionPlugin", "FactionPlugin\FactionPlugin.csproj", "{CD265499-B4C9-4BCC-A0A2-2D45019A1630}"
EndProject
Project("{FAE04EC0-301F-11D3-BF4B-00C04F79EFBC}") = "AdminTools", "AdminTools\AdminTools.csproj", "{D192E9C0-8E01-4577-AEB8-1CDCEDB64556}"
EndProject
Project("{FAE04EC0-301F-11D3-BF4B-00C04F79EFBC}") = "SpectatorListPlugin", "SpectatorListPlugin\SpectatorListPlugin.csproj", "{B2C43E10-3A1B-4F5A-9D6E-8A2B1C3D4E5F}"
EndProject
Project("{FAE04EC0-301F-11D3-BF4B-00C04F79EFBC}") = "YulePlugin", "YulePlugin\YulePlugin.csproj", "{C3D54F21-4B2C-5F6B-A0E7-9B3C2D4E5F60}"
EndProject
Project("{FAE04EC0-301F-11D3-BF4B-00C04F79EFBC}") = "AutoTutorialPlugin", "AutoTutorialPlugin\AutoTutorialPlugin.csproj", "{E4F5A612-3C2B-4D8E-B1F0-9A4B2C3D4E5F}"
EndProject
Project("{FAE04EC0-301F-11D3-BF4B-00C04F79EFBC}") = "ServerStatusPlugin", "ServerStatusPlugin\ServerStatusPlugin.csproj", "{F5A6B712-4C3D-5E8F-B2F0-0A5B3C4D5E60}"
EndProject
Global
	GlobalSection(SolutionConfigurationPlatforms) = preSolution
		Debug|Any CPU = Debug|Any CPU
		Debug|x64 = Debug|x64
		Debug|x86 = Debug|x86
		Release|Any CPU = Release|Any CPU
		Release|x64 = Release|x64
		Release|x86 = Release|x86
	EndGlobalSection
	GlobalSection(ProjectConfigurationPlatforms) = postSolution
		{4330D270-2AF8-472F-99D3-F2AAACC7B5C0}.Debug|Any CPU.ActiveCfg = Debug|Any CPU
		{4330D270-2AF8-472F-99D3-F2AAACC7B5C0}.Debug|Any CPU.Build.0 = Debug|Any CPU
		{4330D270-2AF8-472F-99D3-F2AAACC7B5C0}.Debug|x64.ActiveCfg = Debug|Any CPU
		{4330D270-2AF8-472F-99D3-F2AAACC7B5C0}.Debug|x64.Build.0 = Debug|Any CPU
		{4330D270-2AF8-472F-99D3-F2AAACC7B5C0}.Debug|x86.ActiveCfg = Debug|Any CPU
		{4330D270-2AF8-472F-99D3-F2AAACC7B5C0}.Debug|x86.Build.0 = Debug|Any CPU
		{4330D270-2AF8-472F-99D3-F2AAACC7B5C0}.Release|Any CPU.ActiveCfg = Release|Any CPU
		{4330D270-2AF8-472F-99D3-F2AAACC7B5C0}.Release|Any CPU.Build.0 = Release|Any CPU
		{4330D270-2AF8-472F-99D3-F2AAACC7B5C0}.Release|x64.ActiveCfg = Release|Any CPU
		{4330D270-2AF8-472F-99D3-F2AAACC7B5C0}.Release|x64.Build.0 = Release|Any CPU
		{4330D270-2AF8-472F-99D3-F2AAACC7B5C0}.Release|x86.ActiveCfg = Release|Any CPU
		{4330D270-2AF8-472F-99D3-F2AAACC7B5C0}.Release|x86.Build.0 = Release|Any CPU
		{6C18C7E3-6BB2-4EA2-A94D-E1FE2069C87B}.Debug|Any CPU.ActiveCfg = Debug|Any CPU
		{6C18C7E3-6BB2-4EA2-A94D-E1FE2069C87B}.Debug|Any CPU.Build.0 = Debug|Any CPU
		{6C18C7E3-6BB2-4EA2-A94D-E1FE2069C87B}.Debug|x64.ActiveCfg = Debug|Any CPU
		{6C18C7E3-6BB2-4EA2-A94D-E1FE2069C87B}.Debug|x64.Build.0 = Debug|Any CPU
		{6C18C7E3-6BB2-4EA2-A94D-E1FE2069C87B}.Debug|x86.ActiveCfg = Debug|Any CPU
		{6C18C7E3-6BB2-4EA2-A94D-E1FE2069C87B}.Debug|x86.Build.0 = Debug|Any CPU
		{6C18C7E3-6BB2-4EA2-A94D-E1FE2069C87B}.Release|Any CPU.ActiveCfg = Release|Any CPU
		{6C18C7E3-6BB2-4EA2-A94D-E1FE2069C87B}.Release|Any CPU.Build.0 = Release|Any CPU
		{6C18C7E3-6BB2-4EA2-A94D-E1FE2069C87B}.Release|x64.ActiveCfg = Release|Any CPU
		{6C18C7E3-6BB2-4EA2-A94D-E1FE2069C87B}.Release|x64.Build.0 = Release|Any CPU
		{6C18C7E3-6BB2-4EA2-A94D-E1FE2069C87B}.Release|x86.ActiveCfg = Release|Any CPU
		{6C18C7E3-6BB2-4EA2-A94D-E1FE2069C87B}.Release|x86.Build.0 = Release|Any CPU
		{07162E2C-C204-4DAA-A380-7D308426D61C}.Debug|Any CPU.ActiveCfg = Debug|Any CPU
		{07162E2C-C204-4DAA-A380-7D308426D61C}.Debug|Any CPU.Build.0 = Debug|Any CPU
		{07162E2C-C204-4DAA-A380-7D308426D61C}.Debug|x64.ActiveCfg = Debug|Any CPU
		{07162E2C-C204-4DAA-A380-7D308426D61C}.Debug|x64.Build.0 = Debug|Any CPU
		{07162E2C-C204-4DAA-A380-7D308426D61C}.Debug|x86.ActiveCfg = Debug|Any CPU
		{07162E2C-C204-4DAA-A380-7D308426D61C}.Debug|x86.Build.0 = Debug|Any CPU
		{07162E2C-C204-4DAA-A380-7D308426D61C}.Release|Any CPU.ActiveCfg = Release|Any CPU
		{07162E2C-C204-4DAA-A380-7D308426D61C}.Release|Any CPU.Build.0 = Release|Any CPU
		{07162E2C-C204-4DAA-A380-7D308426D61C}.Release|x64.ActiveCfg = Release|Any CPU
		{07162E2C-C204-4DAA-A380-7D308426D61C}.Release|x64.Build.0 = Release|Any CPU
		{07162E2C-C204-4DAA-A380-7D308426D61C}.Release|x86.ActiveCfg = Release|Any CPU
		{07162E2C-C204-4DAA-A380-7D308426D61C}.Release|x86.Build.0 = Release|Any CPU
		{8F9A3403-A629-4D4A-A4A8-D6A992B544E0}.Debug|Any CPU.ActiveCfg = Debug|Any CPU
		{8F9A3403-A629-4D4A-A4A8-D6A992B544E0}.Debug|Any CPU.Build.0 = Debug|Any CPU
		{8F9A3403-A629-4D4A-A4A8-D6A992B544E0}.Debug|x64.ActiveCfg = Debug|Any CPU
		{8F9A3403-A629-4D4A-A4A8-D6A992B544E0}.Debug|x64.Build.0 = Debug|Any CPU
		{8F9A3403-A629-4D4A-A4A8-D6A992B544E0}.Debug|x86.ActiveCfg = Debug|Any CPU
		{8F9A3403-A629-4D4A-A4A8-D6A992B544E0}.Debug|x86.Build.0 = Debug|Any CPU
		{8F9A3403-A629-4D4A-A4A8-D6A992B544E0}.Release|Any CPU.ActiveCfg = Release|Any CPU
		{8F9A3403-A629-4D4A-A4A8-D6A992B544E0}.Release|Any CPU.Build.0 = Release|Any CPU
		{8F9A3403-A629-4D4A-A4A8-D6A992B544E0}.Release|x64.ActiveCfg = Release|Any CPU
		{8F9A3403-A629-4D4A-A4A8-D6A992B544E0}.Release|x64.Build.0 = Release|Any CPU
		{8F9A3403-A629-4D4A-A4A8-D6A992B544E0}.Release|x86.ActiveCfg = Release|Any CPU
		{8F9A3403-A629-4D4A-A4A8-D6A992B544E0}.Release|x86.Build.0 = Release|Any CPU
		{3691B31D-8EB1-45AA-8392-6EEC35F08BF0}.Debug|Any CPU.ActiveCfg = Debug|Any CPU
		{3691B31D-8EB1-45AA-8392-6EEC35F08BF0}.Debug|Any CPU.Build.0 = Debug|Any CPU
		{3691B31D-8EB1-45AA-8392-6EEC35F08BF0}.Debug|x64.ActiveCfg = Debug|Any CPU
		{3691B31D-8EB1-45AA-8392-6EEC35F08BF0}.Debug|x64.Build.0 = Debug|Any CPU
		{3691B31D-8EB1-45AA-8392-6EEC35F08BF0}.Debug|x86.ActiveCfg = Debug|Any CPU
		{3691B31D-8EB1-45AA-8392-6EEC35F08BF0}.Debug|x86.Build.0 = Debug|Any CPU
		{3691B31D-8EB1-45AA-8392-6EEC35F08BF0}.Release|Any CPU.ActiveCfg = Release|Any CPU
		{3691B31D-8EB1-45AA-8392-6EEC35F08BF0}.Release|Any CPU.Build.0 = Release|Any CPU
		{3691B31D-8EB1-45AA-8392-6EEC35F08BF0}.Release|x64.ActiveCfg = Release|Any CPU
		{3691B31D-8EB1-45AA-8392-6EEC35F08BF0}.Release|x64.Build.0 = Release|Any CPU
		{3691B31D-8EB1-45AA-8392-6EEC35F08BF0}.Release|x86.ActiveCfg = Release|Any CPU
		{3691B31D-8EB1-45AA-8392-6EEC35F08BF0}.Release|x86.Build.0 = Release|Any CPU
		{CD265499-B4C9-4BCC-A0A2-2D45019A1630}.Debug|Any CPU.ActiveCfg = Debug|Any CPU
		{CD265499-B4C9-4BCC-A0A2-2D45019A1630}.Debug|Any CPU.Build.0 = Debug|Any CPU
		{CD265499-B4C9-4BCC-A0A2-2D45019A1630}.Debug|x64.ActiveCfg = Debug|Any CPU
		{CD265499-B4C9-4BCC-A0A2-2D45019A1630}.Debug|x64.Build.0 = Debug|Any CPU
		{CD265499-B4C9-4BCC-A0A2-2D45019A1630}.Debug|x86.ActiveCfg = Debug|Any CPU
		{CD265499-B4C9-4BCC-A0A2-2D45019A1630}.Debug|x86.Build.0 = Debug|Any CPU
		{CD265499-B4C9-4BCC-A0A2-2D45019A1630}.Release|Any CPU.ActiveCfg = Release|Any CPU
		{CD265499-B4C9-4BCC-A0A2-2D45019A1630}.Release|Any CPU.Build.0 = Release|Any CPU
		{CD265499-B4C9-4BCC-A0A2-2D45019A1630}.Release|x64.ActiveCfg = Release|Any CPU
		{CD265499-B4C9-4BCC-A0A2-2D45019A1630}.Release|x64.Build.0 = Release|Any CPU
		{CD265499-B4C9-4BCC-A0A2-2D45019A1630}.Release|x86.ActiveCfg = Release|Any CPU
		{CD265499-B4C9-4BCC-A0A2-2D45019A1630}.Release|x86.Build.0 = Release|Any CPU
		{D192E9C0-8E01-4577-AEB8-1CDCEDB64556}.Debug|Any CPU.ActiveCfg = Debug|Any CPU
		{D192E9C0-8E01-4577-AEB8-1CDCEDB64556}.Debug|Any CPU.Build.0 = Debug|Any CPU
		{D192E9C0-8E01-4577-AEB8-1CDCEDB64556}.Debug|x64.ActiveCfg = Debug|Any CPU
		{D192E9C0-8E01-4577-AEB8-1CDCEDB64556}.Debug|x64.Build.0 = Debug|Any CPU
		{D192E9C0-8E01-4577-AEB8-1CDCEDB64556}.Debug|x86.ActiveCfg = Debug|Any CPU
		{D192E9C0-8E01-4577-AEB8-1CDCEDB64556}.Debug|x86.Build.0 = Debug|Any CPU
		{D192E9C0-8E01-4577-AEB8-1CDCEDB64556}.Release|Any CPU.ActiveCfg = Release|Any CPU
		{D192E9C0-8E01-4577-AEB8-1CDCEDB64556}.Release|Any CPU.Build.0 = Release|Any CPU
		{D192E9C0-8E01-4577-AEB8-1CDCEDB64556}.Release|x64.ActiveCfg = Release|Any CPU
		{D192E9C0-8E01-4577-AEB8-1CDCEDB64556}.Release|x64.Build.0 = Release|Any CPU
		{D192E9C0-8E01-4577-AEB8-1CDCEDB64556}.Release|x86.ActiveCfg = Release|Any CPU
		{D192E9C0-8E01-4577-AEB8-1CDCEDB64556}.Release|x86.Build.0 = Release|Any CPU
		{B2C43E10-3A1B-4F5A-9D6E-8A2B1C3D4E5F}.Debug|Any CPU.ActiveCfg = Debug|Any CPU
		{B2C43E10-3A1B-4F5A-9D6E-8A2B1C3D4E5F}.Debug|Any CPU.Build.0 = Debug|Any CPU
		{B2C43E10-3A1B-4F5A-9D6E-8A2B1C3D4E5F}.Debug|x64.ActiveCfg = Debug|Any CPU
		{B2C43E10-3A1B-4F5A-9D6E-8A2B1C3D4E5F}.Debug|x64.Build.0 = Debug|Any CPU
		{B2C43E10-3A1B-4F5A-9D6E-8A2B1C3D4E5F}.Debug|x86.ActiveCfg = Debug|Any CPU
		{B2C43E10-3A1B-4F5A-9D6E-8A2B1C3D4E5F}.Debug|x86.Build.0 = Debug|Any CPU
		{B2C43E10-3A1B-4F5A-9D6E-8A2B1C3D4E5F}.Release|Any CPU.ActiveCfg = Release|Any CPU
		{B2C43E10-3A1B-4F5A-9D6E-8A2B1C3D4E5F}.Release|Any CPU.Build.0 = Release|Any CPU
		{B2C43E10-3A1B-4F5A-9D6E-8A2B1C3D4E5F}.Release|x64.ActiveCfg = Release|Any CPU
		{B2C43E10-3A1B-4F5A-9D6E-8A2B1C3D4E5F}.Release|x64.Build.0 = Release|Any CPU
		{B2C43E10-3A1B-4F5A-9D6E-8A2B1C3D4E5F}.Release|x86.ActiveCfg = Release|Any CPU
		{B2C43E10-3A1B-4F5A-9D6E-8A2B1C3D4E5F}.Release|x86.Build.0 = Release|Any CPU
		{C3D54F21-4B2C-5F6B-A0E7-9B3C2D4E5F60}.Debug|Any CPU.ActiveCfg = Debug|Any CPU
		{C3D54F21-4B2C-5F6B-A0E7-9B3C2D4E5F60}.Debug|Any CPU.Build.0 = Debug|Any CPU
		{C3D54F21-4B2C-5F6B-A0E7-9B3C2D4E5F60}.Debug|x64.ActiveCfg = Debug|Any CPU
		{C3D54F21-4B2C-5F6B-A0E7-9B3C2D4E5F60}.Debug|x64.Build.0 = Debug|Any CPU
		{C3D54F21-4B2C-5F6B-A0E7-9B3C2D4E5F60}.Debug|x86.ActiveCfg = Debug|Any CPU
		{C3D54F21-4B2C-5F6B-A0E7-9B3C2D4E5F60}.Debug|x86.Build.0 = Debug|Any CPU
		{C3D54F21-4B2C-5F6B-A0E7-9B3C2D4E5F60}.Release|Any CPU.ActiveCfg = Release|Any CPU
		{C3D54F21-4B2C-5F6B-A0E7-9B3C2D4E5F60}.Release|Any CPU.Build.0 = Release|Any CPU
		{C3D54F21-4B2C-5F6B-A0E7-9B3C2D4E5F60}.Release|x64.ActiveCfg = Release|Any CPU
		{C3D54F21-4B2C-5F6B-A0E7-9B3C2D4E5F60}.Release|x64.Build.0 = Release|Any CPU
		{C3D54F21-4B2C-5F6B-A0E7-9B3C2D4E5F60}.Release|x86.ActiveCfg = Release|Any CPU
		{C3D54F21-4B2C-5F6B-A0E7-9B3C2D4E5F60}.Release|x86.Build.0 = Release|Any CPU
		{E4F5A612-3C2B-4D8E-B1F0-9A4B2C3D4E5F}.Debug|Any CPU.ActiveCfg = Debug|Any CPU
		{E4F5A612-3C2B-4D8E-B1F0-9A4B2C3D4E5F}.Debug|Any CPU.Build.0 = Debug|Any CPU
		{E4F5A612-3C2B-4D8E-B1F0-9A4B2C3D4E5F}.Debug|x64.ActiveCfg = Debug|Any CPU
		{E4F5A612-3C2B-4D8E-B1F0-9A4B2C3D4E5F}.Debug|x64.Build.0 = Debug|Any CPU
		{E4F5A612-3C2B-4D8E-B1F0-9A4B2C3D4E5F}.Debug|x86.ActiveCfg = Debug|Any CPU
		{E4F5A612-3C2B-4D8E-B1F0-9A4B2C3D4E5F}.Debug|x86.Build.0 = Debug|Any CPU
		{E4F5A612-3C2B-4D8E-B1F0-9A4B2C3D4E5F}.Release|Any CPU.ActiveCfg = Release|Any CPU
		{E4F5A612-3C2B-4D8E-B1F0-9A4B2C3D4E5F}.Release|Any CPU.Build.0 = Release|Any CPU
		{E4F5A612-3C2B-4D8E-B1F0-9A4B2C3D4E5F}.Release|x64.ActiveCfg = Release|Any CPU
		{E4F5A612-3C2B-4D8E-B1F0-9A4B2C3D4E5F}.Release|x64.Build.0 = Release|Any CPU
		{E4F5A612-3C2B-4D8E-B1F0-9A4B2C3D4E5F}.Release|x86.ActiveCfg = Release|Any CPU
		{E4F5A612-3C2B-4D8E-B1F0-9A4B2C3D4E5F}.Release|x86.Build.0 = Release|Any CPU
		{F5A6B712-4C3D-5E8F-B2F0-0A5B3C4D5E60}.Debug|Any CPU.ActiveCfg = Debug|Any CPU
		{F5A6B712-4C3D-5E8F-B2F0-0A5B3C4D5E60}.Debug|Any CPU.Build.0 = Debug|Any CPU
		{F5A6B712-4C3D-5E8F-B2F0-0A5B3C4D5E60}.Debug|x64.ActiveCfg = Debug|Any CPU
		{F5A6B712-4C3D-5E8F-B2F0-0A5B3C4D5E60}.Debug|x64.Build.0 = Debug|Any CPU
		{F5A6B712-4C3D-5E8F-B2F0-0A5B3C4D5E60}.Debug|x86.ActiveCfg = Debug|Any CPU
		{F5A6B712-4C3D-5E8F-B2F0-0A5B3C4D5E60}.Debug|x86.Build.0 = Debug|Any CPU
		{F5A6B712-4C3D-5E8F-B2F0-0A5B3C4D5E60}.Release|Any CPU.ActiveCfg = Release|Any CPU
		{F5A6B712-4C3D-5E8F-B2F0-0A5B3C4D5E60}.Release|Any CPU.Build.0 = Release|Any CPU
		{F5A6B712-4C3D-5E8F-B2F0-0A5B3C4D5E60}.Release|x64.ActiveCfg = Release|Any CPU
		{F5A6B712-4C3D-5E8F-B2F0-0A5B3C4D5E60}.Release|x64.Build.0 = Release|Any CPU
		{F5A6B712-4C3D-5E8F-B2F0-0A5B3C4D5E60}.Release|x86.ActiveCfg = Release|Any CPU
		{F5A6B712-4C3D-5E8F-B2F0-0A5B3C4D5E60}.Release|x86.Build.0 = Release|Any CPU
	EndGlobalSection
	GlobalSection(SolutionProperties) = preSolution
		HideSolutionNode = FALSE
	EndGlobalSection
EndGlobal
